// !$*UTF8*$!
{
	archiveVersion = 1;
	classes = {
	};
	objectVersion = 55;
	objects = {

/* Begin PBXBuildFile section */
		FEE045C928787C8900EE79D2 /* AppDelegate.swift in Sources */ = {isa = PBXBuildFile; fileRef = FEE045C828787C8900EE79D2 /* AppDelegate.swift */; };
		FEE045CB28787C8900EE79D2 /* SceneDelegate.swift in Sources */ = {isa = PBXBuildFile; fileRef = FEE045CA28787C8900EE79D2 /* SceneDelegate.swift */; };
		FEE045CD28787C8900EE79D2 /* ViewController.swift in Sources */ = {isa = PBXBuildFile; fileRef = FEE045CC28787C8900EE79D2 /* ViewController.swift */; };
		FEE045D028787C8900EE79D2 /* Main.storyboard in Resources */ = {isa = PBXBuildFile; fileRef = FEE045CE28787C8900EE79D2 /* Main.storyboard */; };
		FEE045D228787C8B00EE79D2 /* Assets.xcassets in Resources */ = {isa = PBXBuildFile; fileRef = FEE045D128787C8B00EE79D2 /* Assets.xcassets */; };
		FEE045D528787C8B00EE79D2 /* LaunchScreen.storyboard in Resources */ = {isa = PBXBuildFile; fileRef = FEE045D328787C8B00EE79D2 /* LaunchScreen.storyboard */; };
		FEE045E028787C8B00EE79D2 /* SwiftMVC_TDDTests.swift in Sources */ = {isa = PBXBuildFile; fileRef = FEE045DF28787C8B00EE79D2 /* SwiftMVC_TDDTests.swift */; };
		FEE045EA28787C8B00EE79D2 /* SwiftMVC_TDDUITests.swift in Sources */ = {isa = PBXBuildFile; fileRef = FEE045E928787C8B00EE79D2 /* SwiftMVC_TDDUITests.swift */; };
		FEE045EC28787C8B00EE79D2 /* SwiftMVC_TDDUITestsLaunchTests.swift in Sources */ = {isa = PBXBuildFile; fileRef = FEE045EB28787C8B00EE79D2 /* SwiftMVC_TDDUITestsLaunchTests.swift */; };
		FEE045F928787CEE00EE79D2 /* AccountModelProtocol.swift in Sources */ = {isa = PBXBuildFile; fileRef = FEE045F828787CEE00EE79D2 /* AccountModelProtocol.swift */; };
		FEE045FC28787D1A00EE79D2 /* AccountModel.swift in Sources */ = {isa = PBXBuildFile; fileRef = FEE045FB28787D1A00EE79D2 /* AccountModel.swift */; };
		FEE045FE28787D7400EE79D2 /* AccountModelTests.swift in Sources */ = {isa = PBXBuildFile; fileRef = FEE045FD28787D7400EE79D2 /* AccountModelTests.swift */; };
		FEE0460028787DF000EE79D2 /* AccountViewProtocol.swift in Sources */ = {isa = PBXBuildFile; fileRef = FEE045FF28787DF000EE79D2 /* AccountViewProtocol.swift */; };
		FEE046042878A32A00EE79D2 /* ViewControllerTest.swift in Sources */ = {isa = PBXBuildFile; fileRef = FEE046032878A32A00EE79D2 /* ViewControllerTest.swift */; };
		FEE046062878A5A500EE79D2 /* AccountView.xib in Resources */ = {isa = PBXBuildFile; fileRef = FEE046052878A5A500EE79D2 /* AccountView.xib */; };
/* End PBXBuildFile section */

/* Begin PBXContainerItemProxy section */
		FEE045DC28787C8B00EE79D2 /* PBXContainerItemProxy */ = {
			isa = PBXContainerItemProxy;
			containerPortal = FEE045BD28787C8900EE79D2 /* Project object */;
			proxyType = 1;
			remoteGlobalIDString = FEE045C428787C8900EE79D2;
			remoteInfo = "SwiftMVC-TDD";
		};
		FEE045E628787C8B00EE79D2 /* PBXContainerItemProxy */ = {
			isa = PBXContainerItemProxy;
			containerPortal = FEE045BD28787C8900EE79D2 /* Project object */;
			proxyType = 1;
			remoteGlobalIDString = FEE045C428787C8900EE79D2;
			remoteInfo = "SwiftMVC-TDD";
		};
/* End PBXContainerItemProxy section */

/* Begin PBXFileReference section */
		FEE045C528787C8900EE79D2 /* SwiftMVC-TDD.app */ = {isa = PBXFileReference; explicitFileType = wrapper.application; includeInIndex = 0; path = "SwiftMVC-TDD.app"; sourceTree = BUILT_PRODUCTS_DIR; };
		FEE045C828787C8900EE79D2 /* AppDelegate.swift */ = {isa = PBXFileReference; lastKnownFileType = sourcecode.swift; path = AppDelegate.swift; sourceTree = "<group>"; };
		FEE045CA28787C8900EE79D2 /* SceneDelegate.swift */ = {isa = PBXFileReference; lastKnownFileType = sourcecode.swift; path = SceneDelegate.swift; sourceTree = "<group>"; };
		FEE045CC28787C8900EE79D2 /* ViewController.swift */ = {isa = PBXFileReference; lastKnownFileType = sourcecode.swift; path = ViewController.swift; sourceTree = "<group>"; };
		FEE045CF28787C8900EE79D2 /* Base */ = {isa = PBXFileReference; lastKnownFileType = file.storyboard; name = Base; path = Base.lproj/Main.storyboard; sourceTree = "<group>"; };
		FEE045D128787C8B00EE79D2 /* Assets.xcassets */ = {isa = PBXFileReference; lastKnownFileType = folder.assetcatalog; path = Assets.xcassets; sourceTree = "<group>"; };
		FEE045D428787C8B00EE79D2 /* Base */ = {isa = PBXFileReference; lastKnownFileType = file.storyboard; name = Base; path = Base.lproj/LaunchScreen.storyboard; sourceTree = "<group>"; };
		FEE045D628787C8B00EE79D2 /* Info.plist */ = {isa = PBXFileReference; lastKnownFileType = text.plist.xml; path = Info.plist; sourceTree = "<group>"; };
		FEE045DB28787C8B00EE79D2 /* SwiftMVC-TDDTests.xctest */ = {isa = PBXFileReference; explicitFileType = wrapper.cfbundle; includeInIndex = 0; path = "SwiftMVC-TDDTests.xctest"; sourceTree = BUILT_PRODUCTS_DIR; };
		FEE045DF28787C8B00EE79D2 /* SwiftMVC_TDDTests.swift */ = {isa = PBXFileReference; lastKnownFileType = sourcecode.swift; path = SwiftMVC_TDDTests.swift; sourceTree = "<group>"; };
		FEE045E528787C8B00EE79D2 /* SwiftMVC-TDDUITests.xctest */ = {isa = PBXFileReference; explicitFileType = wrapper.cfbundle; includeInIndex = 0; path = "SwiftMVC-TDDUITests.xctest"; sourceTree = BUILT_PRODUCTS_DIR; };
		FEE045E928787C8B00EE79D2 /* SwiftMVC_TDDUITests.swift */ = {isa = PBXFileReference; lastKnownFileType = sourcecode.swift; path = SwiftMVC_TDDUITests.swift; sourceTree = "<group>"; };
		FEE045EB28787C8B00EE79D2 /* SwiftMVC_TDDUITestsLaunchTests.swift */ = {isa = PBXFileReference; lastKnownFileType = sourcecode.swift; path = SwiftMVC_TDDUITestsLaunchTests.swift; sourceTree = "<group>"; };
		FEE045F828787CEE00EE79D2 /* AccountModelProtocol.swift */ = {isa = PBXFileReference; lastKnownFileType = sourcecode.swift; path = AccountModelProtocol.swift; sourceTree = "<group>"; };
		FEE045FB28787D1A00EE79D2 /* AccountModel.swift */ = {isa = PBXFileReference; lastKnownFileType = sourcecode.swift; path = AccountModel.swift; sourceTree = "<group>"; };
		FEE045FD28787D7400EE79D2 /* AccountModelTests.swift */ = {isa = PBXFileReference; lastKnownFileType = sourcecode.swift; path = AccountModelTests.swift; sourceTree = "<group>"; };
		FEE045FF28787DF000EE79D2 /* AccountViewProtocol.swift */ = {isa = PBXFileReference; lastKnownFileType = sourcecode.swift; path = AccountViewProtocol.swift; sourceTree = "<group>"; };
		FEE046032878A32A00EE79D2 /* ViewControllerTest.swift */ = {isa = PBXFileReference; lastKnownFileType = sourcecode.swift; path = ViewControllerTest.swift; sourceTree = "<group>"; };
		FEE046052878A5A500EE79D2 /* AccountView.xib */ = {isa = PBXFileReference; lastKnownFileType = file.xib; path = AccountView.xib; sourceTree = "<group>"; };
/* End PBXFileReference section */

/* Begin PBXFrameworksBuildPhase section */
		FEE045C228787C8900EE79D2 /* Frameworks */ = {
			isa = PBXFrameworksBuildPhase;
			buildActionMask = 2147483647;
			files = (
			);
			runOnlyForDeploymentPostprocessing = 0;
		};
		FEE045D828787C8B00EE79D2 /* Frameworks */ = {
			isa = PBXFrameworksBuildPhase;
			buildActionMask = 2147483647;
			files = (
			);
			runOnlyForDeploymentPostprocessing = 0;
		};
		FEE045E228787C8B00EE79D2 /* Frameworks */ = {
			isa = PBXFrameworksBuildPhase;
			buildActionMask = 2147483647;
			files = (
			);
			runOnlyForDeploymentPostprocessing = 0;
		};
/* End PBXFrameworksBuildPhase section */

/* Begin PBXGroup section */
		FEE045BC28787C8900EE79D2 = {
			isa = PBXGroup;
			children = (
				FEE045C728787C8900EE79D2 /* SwiftMVC-TDD */,
				FEE045DE28787C8B00EE79D2 /* SwiftMVC-TDDTests */,
				FEE045E828787C8B00EE79D2 /* SwiftMVC-TDDUITests */,
				FEE045C628787C8900EE79D2 /* Products */,
			);
			sourceTree = "<group>";
		};
		FEE045C628787C8900EE79D2 /* Products */ = {
			isa = PBXGroup;
			children = (
				FEE045C528787C8900EE79D2 /* SwiftMVC-TDD.app */,
				FEE045DB28787C8B00EE79D2 /* SwiftMVC-TDDTests.xctest */,
				FEE045E528787C8B00EE79D2 /* SwiftMVC-TDDUITests.xctest */,
			);
			name = Products;
			sourceTree = "<group>";
		};
		FEE045C728787C8900EE79D2 /* SwiftMVC-TDD */ = {
			isa = PBXGroup;
			children = (
				FEE045FA28787D1100EE79D2 /* Model */,
				FEE045C828787C8900EE79D2 /* AppDelegate.swift */,
				FEE045CA28787C8900EE79D2 /* SceneDelegate.swift */,
				FEE045CC28787C8900EE79D2 /* ViewController.swift */,
				FEE045CE28787C8900EE79D2 /* Main.storyboard */,
				FEE045D128787C8B00EE79D2 /* Assets.xcassets */,
				FEE045D328787C8B00EE79D2 /* LaunchScreen.storyboard */,
				FEE045D628787C8B00EE79D2 /* Info.plist */,
				FEE045F828787CEE00EE79D2 /* AccountModelProtocol.swift */,
				FEE045FF28787DF000EE79D2 /* AccountViewProtocol.swift */,
				FEE046052878A5A500EE79D2 /* AccountView.xib */,
			);
			path = "SwiftMVC-TDD";
			sourceTree = "<group>";
		};
		FEE045DE28787C8B00EE79D2 /* SwiftMVC-TDDTests */ = {
			isa = PBXGroup;
			children = (
				FEE045DF28787C8B00EE79D2 /* SwiftMVC_TDDTests.swift */,
				FEE045FD28787D7400EE79D2 /* AccountModelTests.swift */,
				FEE046032878A32A00EE79D2 /* ViewControllerTest.swift */,
			);
			path = "SwiftMVC-TDDTests";
			sourceTree = "<group>";
		};
		FEE045E828787C8B00EE79D2 /* SwiftMVC-TDDUITests */ = {
			isa = PBXGroup;
			children = (
				FEE045E928787C8B00EE79D2 /* SwiftMVC_TDDUITests.swift */,
				FEE045EB28787C8B00EE79D2 /* SwiftMVC_TDDUITestsLaunchTests.swift */,
			);
			path = "SwiftMVC-TDDUITests";
			sourceTree = "<group>";
		};
		FEE045FA28787D1100EE79D2 /* Model */ = {
			isa = PBXGroup;
			children = (
				FEE045FB28787D1A00EE79D2 /* AccountModel.swift */,
			);
			path = Model;
			sourceTree = "<group>";
		};
/* End PBXGroup section */

/* Begin PBXNativeTarget section */
		FEE045C428787C8900EE79D2 /* SwiftMVC-TDD */ = {
			isa = PBXNativeTarget;
			buildConfigurationList = FEE045EF28787C8B00EE79D2 /* Build configuration list for PBXNativeTarget "SwiftMVC-TDD" */;
			buildPhases = (
				FEE045C128787C8900EE79D2 /* Sources */,
				FEE045C228787C8900EE79D2 /* Frameworks */,
				FEE045C328787C8900EE79D2 /* Resources */,
			);
			buildRules = (
			);
			dependencies = (
			);
			name = "SwiftMVC-TDD";
			productName = "SwiftMVC-TDD";
			productReference = FEE045C528787C8900EE79D2 /* SwiftMVC-TDD.app */;
			productType = "com.apple.product-type.application";
		};
		FEE045DA28787C8B00EE79D2 /* SwiftMVC-TDDTests */ = {
			isa = PBXNativeTarget;
			buildConfigurationList = FEE045F228787C8B00EE79D2 /* Build configuration list for PBXNativeTarget "SwiftMVC-TDDTests" */;
			buildPhases = (
				FEE045D728787C8B00EE79D2 /* Sources */,
				FEE045D828787C8B00EE79D2 /* Frameworks */,
				FEE045D928787C8B00EE79D2 /* Resources */,
			);
			buildRules = (
			);
			dependencies = (
				FEE045DD28787C8B00EE79D2 /* PBXTargetDependency */,
			);
			name = "SwiftMVC-TDDTests";
			productName = "SwiftMVC-TDDTests";
			productReference = FEE045DB28787C8B00EE79D2 /* SwiftMVC-TDDTests.xctest */;
			productType = "com.apple.product-type.bundle.unit-test";
		};
		FEE045E428787C8B00EE79D2 /* SwiftMVC-TDDUITests */ = {
			isa = PBXNativeTarget;
			buildConfigurationList = FEE045F528787C8B00EE79D2 /* Build configuration list for PBXNativeTarget "SwiftMVC-TDDUITests" */;
			buildPhases = (
				FEE045E128787C8B00EE79D2 /* Sources */,
				FEE045E228787C8B00EE79D2 /* Frameworks */,
				FEE045E328787C8B00EE79D2 /* Resources */,
			);
			buildRules = (
			);
			dependencies = (
				FEE045E728787C8B00EE79D2 /* PBXTargetDependency */,
			);
			name = "SwiftMVC-TDDUITests";
			productName = "SwiftMVC-TDDUITests";
			productReference = FEE045E528787C8B00EE79D2 /* SwiftMVC-TDDUITests.xctest */;
			productType = "com.apple.product-type.bundle.ui-testing";
		};
/* End PBXNativeTarget section */

/* Begin PBXProject section */
		FEE045BD28787C8900EE79D2 /* Project object */ = {
			isa = PBXProject;
			attributes = {
				BuildIndependentTargetsInParallel = 1;
				LastSwiftUpdateCheck = 1330;
				LastUpgradeCheck = 1330;
				TargetAttributes = {
					FEE045C428787C8900EE79D2 = {
						CreatedOnToolsVersion = 13.3.1;
					};
					FEE045DA28787C8B00EE79D2 = {
						CreatedOnToolsVersion = 13.3.1;
						TestTargetID = FEE045C428787C8900EE79D2;
					};
					FEE045E428787C8B00EE79D2 = {
						CreatedOnToolsVersion = 13.3.1;
						TestTargetID = FEE045C428787C8900EE79D2;
					};
				};
			};
			buildConfigurationList = FEE045C028787C8900EE79D2 /* Build configuration list for PBXProject "SwiftMVC-TDD" */;
			compatibilityVersion = "Xcode 13.0";
			developmentRegion = en;
			hasScannedForEncodings = 0;
			knownRegions = (
				en,
				Base,
			);
			mainGroup = FEE045BC28787C8900EE79D2;
			productRefGroup = FEE045C628787C8900EE79D2 /* Products */;
			projectDirPath = "";
			projectRoot = "";
			targets = (
				FEE045C428787C8900EE79D2 /* SwiftMVC-TDD */,
				FEE045DA28787C8B00EE79D2 /* SwiftMVC-TDDTests */,
				FEE045E428787C8B00EE79D2 /* SwiftMVC-TDDUITests */,
			);
		};
/* End PBXProject section */

/* Begin PBXResourcesBuildPhase section */
		FEE045C328787C8900EE79D2 /* Resources */ = {
			isa = PBXResourcesBuildPhase;
			buildActionMask = 2147483647;
			files = (
				FEE046062878A5A500EE79D2 /* AccountView.xib in Resources */,
				FEE045D528787C8B00EE79D2 /* LaunchScreen.storyboard in Resources */,
				FEE045D228787C8B00EE79D2 /* Assets.xcassets in Resources */,
				FEE045D028787C8900EE79D2 /* Main.storyboard in Resources */,
			);
			runOnlyForDeploymentPostprocessing = 0;
		};
		FEE045D928787C8B00EE79D2 /* Resources */ = {
			isa = PBXResourcesBuildPhase;
			buildActionMask = 2147483647;
			files = (
			);
			runOnlyForDeploymentPostprocessing = 0;
		};
		FEE045E328787C8B00EE79D2 /* Resources */ = {
			isa = PBXResourcesBuildPhase;
			buildActionMask = 2147483647;
			files = (
			);
			runOnlyForDeploymentPostprocessing = 0;
		};
/* End PBXResourcesBuildPhase section */

/* Begin PBXSourcesBuildPhase section */
		FEE045C128787C8900EE79D2 /* Sources */ = {
			isa = PBXSourcesBuildPhase;
			buildActionMask = 2147483647;
			files = (
				FEE0460028787DF000EE79D2 /* AccountViewProtocol.swift in Sources */,
				FEE045FC28787D1A00EE79D2 /* AccountModel.swift in Sources */,
				FEE045CD28787C8900EE79D2 /* ViewController.swift in Sources */,
				FEE045F928787CEE00EE79D2 /* AccountModelProtocol.swift in Sources */,
				FEE045C928787C8900EE79D2 /* AppDelegate.swift in Sources */,
				FEE045CB28787C8900EE79D2 /* SceneDelegate.swift in Sources */,
			);
			runOnlyForDeploymentPostprocessing = 0;
		};
		FEE045D728787C8B00EE79D2 /* Sources */ = {
			isa = PBXSourcesBuildPhase;
			buildActionMask = 2147483647;
			files = (
				FEE045E028787C8B00EE79D2 /* SwiftMVC_TDDTests.swift in Sources */,
				FEE045FE28787D7400EE79D2 /* AccountModelTests.swift in Sources */,
				FEE046042878A32A00EE79D2 /* ViewControllerTest.swift in Sources */,
			);
			runOnlyForDeploymentPostprocessing = 0;
		};
		FEE045E128787C8B00EE79D2 /* Sources */ = {
			isa = PBXSourcesBuildPhase;
			buildActionMask = 2147483647;
			files = (
				FEE045EC28787C8B00EE79D2 /* SwiftMVC_TDDUITestsLaunchTests.swift in Sources */,
				FEE045EA28787C8B00EE79D2 /* SwiftMVC_TDDUITests.swift in Sources */,
			);
			runOnlyForDeploymentPostprocessing = 0;
		};
/* End PBXSourcesBuildPhase section */

/* Begin PBXTargetDependency section */
		FEE045DD28787C8B00EE79D2 /* PBXTargetDependency */ = {
			isa = PBXTargetDependency;
			target = FEE045C428787C8900EE79D2 /* SwiftMVC-TDD */;
			targetProxy = FEE045DC28787C8B00EE79D2 /* PBXContainerItemProxy */;
		};
		FEE045E728787C8B00EE79D2 /* PBXTargetDependency */ = {
			isa = PBXTargetDependency;
			target = FEE045C428787C8900EE79D2 /* SwiftMVC-TDD */;
			targetProxy = FEE045E628787C8B00EE79D2 /* PBXContainerItemProxy */;
		};
/* End PBXTargetDependency section */

/* Begin PBXVariantGroup section */
		FEE045CE28787C8900EE79D2 /* Main.storyboard */ = {
			isa = PBXVariantGroup;
			children = (
				FEE045CF28787C8900EE79D2 /* Base */,
			);
			name = Main.storyboard;
			sourceTree = "<group>";
		};
		FEE045D328787C8B00EE79D2 /* LaunchScreen.storyboard */ = {
			isa = PBXVariantGroup;
			children = (
				FEE045D428787C8B00EE79D2 /* Base */,
			);
			name = LaunchScreen.storyboard;
			sourceTree = "<group>";
		};
/* End PBXVariantGroup section */

/* Begin XCBuildConfiguration section */
		FEE045ED28787C8B00EE79D2 /* Debug */ = {
			isa = XCBuildConfiguration;
			buildSettings = {
				ALWAYS_SEARCH_USER_PATHS = NO;
				CLANG_ANALYZER_NONNULL = YES;
				CLANG_ANALYZER_NUMBER_OBJECT_CONVERSION = YES_AGGRESSIVE;
				CLANG_CXX_LANGUAGE_STANDARD = "gnu++17";
				CLANG_ENABLE_MODULES = YES;
				CLANG_ENABLE_OBJC_ARC = YES;
				CLANG_ENABLE_OBJC_WEAK = YES;
				CLANG_WARN_BLOCK_CAPTURE_AUTORELEASING = YES;
				CLANG_WARN_BOOL_CONVERSION = YES;
				CLANG_WARN_COMMA = YES;
				CLANG_WARN_CONSTANT_CONVERSION = YES;
				CLANG_WARN_DEPRECATED_OBJC_IMPLEMENTATIONS = YES;
				CLANG_WARN_DIRECT_OBJC_ISA_USAGE = YES_ERROR;
				CLANG_WARN_DOCUMENTATION_COMMENTS = YES;
				CLANG_WARN_EMPTY_BODY = YES;
				CLANG_WARN_ENUM_CONVERSION = YES;
				CLANG_WARN_INFINITE_RECURSION = YES;
				CLANG_WARN_INT_CONVERSION = YES;
				CLANG_WARN_NON_LITERAL_NULL_CONVERSION = YES;
				CLANG_WARN_OBJC_IMPLICIT_RETAIN_SELF = YES;
				CLANG_WARN_OBJC_LITERAL_CONVERSION = YES;
				CLANG_WARN_OBJC_ROOT_CLASS = YES_ERROR;
				CLANG_WARN_QUOTED_INCLUDE_IN_FRAMEWORK_HEADER = YES;
				CLANG_WARN_RANGE_LOOP_ANALYSIS = YES;
				CLANG_WARN_STRICT_PROTOTYPES = YES;
				CLANG_WARN_SUSPICIOUS_MOVE = YES;
				CLANG_WARN_UNGUARDED_AVAILABILITY = YES_AGGRESSIVE;
				CLANG_WARN_UNREACHABLE_CODE = YES;
				CLANG_WARN__DUPLICATE_METHOD_MATCH = YES;
				COPY_PHASE_STRIP = NO;
				DEBUG_INFORMATION_FORMAT = dwarf;
				ENABLE_STRICT_OBJC_MSGSEND = YES;
				ENABLE_TESTABILITY = YES;
				GCC_C_LANGUAGE_STANDARD = gnu11;
				GCC_DYNAMIC_NO_PIC = NO;
				GCC_NO_COMMON_BLOCKS = YES;
				GCC_OPTIMIZATION_LEVEL = 0;
				GCC_PREPROCESSOR_DEFINITIONS = (
					"DEBUG=1",
					"$(inherited)",
				);
				GCC_WARN_64_TO_32_BIT_CONVERSION = YES;
				GCC_WARN_ABOUT_RETURN_TYPE = YES_ERROR;
				GCC_WARN_UNDECLARED_SELECTOR = YES;
				GCC_WARN_UNINITIALIZED_AUTOS = YES_AGGRESSIVE;
				GCC_WARN_UNUSED_FUNCTION = YES;
				GCC_WARN_UNUSED_VARIABLE = YES;
				IPHONEOS_DEPLOYMENT_TARGET = 15.4;
				MTL_ENABLE_DEBUG_INFO = INCLUDE_SOURCE;
				MTL_FAST_MATH = YES;
				ONLY_ACTIVE_ARCH = YES;
				SDKROOT = iphoneos;
				SWIFT_ACTIVE_COMPILATION_CONDITIONS = DEBUG;
				SWIFT_OPTIMIZATION_LEVEL = "-Onone";
			};
			name = Debug;
		};
		FEE045EE28787C8B00EE79D2 /* Release */ = {
			isa = XCBuildConfiguration;
			buildSettings = {
				ALWAYS_SEARCH_USER_PATHS = NO;
				CLANG_ANALYZER_NONNULL = YES;
				CLANG_ANALYZER_NUMBER_OBJECT_CONVERSION = YES_AGGRESSIVE;
				CLANG_CXX_LANGUAGE_STANDARD = "gnu++17";
				CLANG_ENABLE_MODULES = YES;
				CLANG_ENABLE_OBJC_ARC = YES;
				CLANG_ENABLE_OBJC_WEAK = YES;
				CLANG_WARN_BLOCK_CAPTURE_AUTORELEASING = YES;
				CLANG_WARN_BOOL_CONVERSION = YES;
				CLANG_WARN_COMMA = YES;
				CLANG_WARN_CONSTANT_CONVERSION = YES;
				CLANG_WARN_DEPRECATED_OBJC_IMPLEMENTATIONS = YES;
				CLANG_WARN_DIRECT_OBJC_ISA_USAGE = YES_ERROR;
				CLANG_WARN_DOCUMENTATION_COMMENTS = YES;
				CLANG_WARN_EMPTY_BODY = YES;
				CLANG_WARN_ENUM_CONVERSION = YES;
				CLANG_WARN_INFINITE_RECURSION = YES;
				CLANG_WARN_INT_CONVERSION = YES;
				CLANG_WARN_NON_LITERAL_NULL_CONVERSION = YES;
				CLANG_WARN_OBJC_IMPLICIT_RETAIN_SELF = YES;
				CLANG_WARN_OBJC_LITERAL_CONVERSION = YES;
				CLANG_WARN_OBJC_ROOT_CLASS = YES_ERROR;
				CLANG_WARN_QUOTED_INCLUDE_IN_FRAMEWORK_HEADER = YES;
				CLANG_WARN_RANGE_LOOP_ANALYSIS = YES;
				CLANG_WARN_STRICT_PROTOTYPES = YES;
				CLANG_WARN_SUSPICIOUS_MOVE = YES;
				CLANG_WARN_UNGUARDED_AVAILABILITY = YES_AGGRESSIVE;
				CLANG_WARN_UNREACHABLE_CODE = YES;
				CLANG_WARN__DUPLICATE_METHOD_MATCH = YES;
				COPY_PHASE_STRIP = NO;
				DEBUG_INFORMATION_FORMAT = "dwarf-with-dsym";
				ENABLE_NS_ASSERTIONS = NO;
				ENABLE_STRICT_OBJC_MSGSEND = YES;
				GCC_C_LANGUAGE_STANDARD = gnu11;
				GCC_NO_COMMON_BLOCKS = YES;
				GCC_WARN_64_TO_32_BIT_CONVERSION = YES;
				GCC_WARN_ABOUT_RETURN_TYPE = YES_ERROR;
				GCC_WARN_UNDECLARED_SELECTOR = YES;
				GCC_WARN_UNINITIALIZED_AUTOS = YES_AGGRESSIVE;
				GCC_WARN_UNUSED_FUNCTION = YES;
				GCC_WARN_UNUSED_VARIABLE = YES;
				IPHONEOS_DEPLOYMENT_TARGET = 15.4;
				MTL_ENABLE_DEBUG_INFO = NO;
				MTL_FAST_MATH = YES;
				SDKROOT = iphoneos;
				SWIFT_COMPILATION_MODE = wholemodule;
				SWIFT_OPTIMIZATION_LEVEL = "-O";
				VALIDATE_PRODUCT = YES;
			};
			name = Release;
		};
		FEE045F028787C8B00EE79D2 /* Debug */ = {
			isa = XCBuildConfiguration;
			buildSettings = {
				ASSETCATALOG_COMPILER_APPICON_NAME = AppIcon;
				ASSETCATALOG_COMPILER_GLOBAL_ACCENT_COLOR_NAME = AccentColor;
				CODE_SIGN_STYLE = Automatic;
				CURRENT_PROJECT_VERSION = 1;
				GENERATE_INFOPLIST_FILE = YES;
				INFOPLIST_FILE = "SwiftMVC-TDD/Info.plist";
				INFOPLIST_KEY_UIApplicationSupportsIndirectInputEvents = YES;
				INFOPLIST_KEY_UILaunchStoryboardName = LaunchScreen;
				INFOPLIST_KEY_UIMainStoryboardFile = Main;
				INFOPLIST_KEY_UISupportedInterfaceOrientations_iPad = "UIInterfaceOrientationPortrait UIInterfaceOrientationPortraitUpsideDown UIInterfaceOrientationLandscapeLeft UIInterfaceOrientationLandscapeRight";
				INFOPLIST_KEY_UISupportedInterfaceOrientations_iPhone = "UIInterfaceOrientationPortrait UIInterfaceOrientationLandscapeLeft UIInterfaceOrientationLandscapeRight";
				LD_RUNPATH_SEARCH_PATHS = (
					"$(inherited)",
					"@executable_path/Frameworks",
				);
				MARKETING_VERSION = 1.0;
				PRODUCT_BUNDLE_IDENTIFIER = "pdelac.SwiftMVC-TDD";
				PRODUCT_NAME = "$(TARGET_NAME)";
				SWIFT_EMIT_LOC_STRINGS = YES;
				SWIFT_VERSION = 5.0;
				TARGETED_DEVICE_FAMILY = "1,2";
			};
			name = Debug;
		};
		FEE045F128787C8B00EE79D2 /* Release */ = {
			isa = XCBuildConfiguration;
			buildSettings = {
				ASSETCATALOG_COMPILER_APPICON_NAME = AppIcon;
				ASSETCATALOG_COMPILER_GLOBAL_ACCENT_COLOR_NAME = AccentColor;
				CODE_SIGN_STYLE = Automatic;
				CURRENT_PROJECT_VERSION = 1;
				GENERATE_INFOPLIST_FILE = YES;
				INFOPLIST_FILE = "SwiftMVC-TDD/Info.plist";
				INFOPLIST_KEY_UIApplicationSupportsIndirectInputEvents = YES;
				INFOPLIST_KEY_UILaunchStoryboardName = LaunchScreen;
				INFOPLIST_KEY_UIMainStoryboardFile = Main;
				INFOPLIST_KEY_UISupportedInterfaceOrientations_iPad = "UIInterfaceOrientationPortrait UIInterfaceOrientationPortraitUpsideDown UIInterfaceOrientationLandscapeLeft UIInterfaceOrientationLandscapeRight";
				INFOPLIST_KEY_UISupportedInterfaceOrientations_iPhone = "UIInterfaceOrientationPortrait UIInterfaceOrientationLandscapeLeft UIInterfaceOrientationLandscapeRight";
				LD_RUNPATH_SEARCH_PATHS = (
					"$(inherited)",
					"@executable_path/Frameworks",
				);
				MARKETING_VERSION = 1.0;
				PRODUCT_BUNDLE_IDENTIFIER = "pdelac.SwiftMVC-TDD";
				PRODUCT_NAME = "$(TARGET_NAME)";
				SWIFT_EMIT_LOC_STRINGS = YES;
				SWIFT_VERSION = 5.0;
				TARGETED_DEVICE_FAMILY = "1,2";
			};
			name = Release;
		};
		FEE045F328787C8B00EE79D2 /* Debug */ = {
			isa = XCBuildConfiguration;
			buildSettings = {
				ALWAYS_EMBED_SWIFT_STANDARD_LIBRARIES = YES;
				BUNDLE_LOADER = "$(TEST_HOST)";
				CODE_SIGN_STYLE = Automatic;
				CURRENT_PROJECT_VERSION = 1;
				GENERATE_INFOPLIST_FILE = YES;
				IPHONEOS_DEPLOYMENT_TARGET = 15.4;
				MARKETING_VERSION = 1.0;
				PRODUCT_BUNDLE_IDENTIFIER = "pdelac.SwiftMVC-TDDTests";
				PRODUCT_NAME = "$(TARGET_NAME)";
				SWIFT_EMIT_LOC_STRINGS = NO;
				SWIFT_VERSION = 5.0;
				TARGETED_DEVICE_FAMILY = "1,2";
				TEST_HOST = "$(BUILT_PRODUCTS_DIR)/SwiftMVC-TDD.app/SwiftMVC-TDD";
			};
			name = Debug;
		};
		FEE045F428787C8B00EE79D2 /* Release */ = {
			isa = XCBuildConfiguration;
			buildSettings = {
				ALWAYS_EMBED_SWIFT_STANDARD_LIBRARIES = YES;
				BUNDLE_LOADER = "$(TEST_HOST)";
				CODE_SIGN_STYLE = Automatic;
				CURRENT_PROJECT_VERSION = 1;
				GENERATE_INFOPLIST_FILE = YES;
				IPHONEOS_DEPLOYMENT_TARGET = 15.4;
				MARKETING_VERSION = 1.0;
				PRODUCT_BUNDLE_IDENTIFIER = "pdelac.SwiftMVC-TDDTests";
				PRODUCT_NAME = "$(TARGET_NAME)";
				SWIFT_EMIT_LOC_STRINGS = NO;
				SWIFT_VERSION = 5.0;
				TARGETED_DEVICE_FAMILY = "1,2";
				TEST_HOST = "$(BUILT_PRODUCTS_DIR)/SwiftMVC-TDD.app/SwiftMVC-TDD";
			};
			name = Release;
		};
		FEE045F628787C8B00EE79D2 /* Debug */ = {
			isa = XCBuildConfiguration;
			buildSettings = {
				ALWAYS_EMBED_SWIFT_STANDARD_LIBRARIES = YES;
				CODE_SIGN_STYLE = Automatic;
				CURRENT_PROJECT_VERSION = 1;
				GENERATE_INFOPLIST_FILE = YES;
				MARKETING_VERSION = 1.0;
				PRODUCT_BUNDLE_IDENTIFIER = "pdelac.SwiftMVC-TDDUITests";
				PRODUCT_NAME = "$(TARGET_NAME)";
				SWIFT_EMIT_LOC_STRINGS = NO;
				SWIFT_VERSION = 5.0;
				TARGETED_DEVICE_FAMILY = "1,2";
				TEST_TARGET_NAME = "SwiftMVC-TDD";
			};
			name = Debug;
		};
		FEE045F728787C8B00EE79D2 /* Release */ = {
			isa = XCBuildConfiguration;
			buildSettings = {
				ALWAYS_EMBED_SWIFT_STANDARD_LIBRARIES = YES;
				CODE_SIGN_STYLE = Automatic;
				CURRENT_PROJECT_VERSION = 1;
				GENERATE_INFOPLIST_FILE = YES;
				MARKETING_VERSION = 1.0;
				PRODUCT_BUNDLE_IDENTIFIER = "pdelac.SwiftMVC-TDDUITests";
				PRODUCT_NAME = "$(TARGET_NAME)";
				SWIFT_EMIT_LOC_STRINGS = NO;
				SWIFT_VERSION = 5.0;
				TARGETED_DEVICE_FAMILY = "1,2";
				TEST_TARGET_NAME = "SwiftMVC-TDD";
			};
			name = Release;
		};
/* End XCBuildConfiguration section */

/* Begin XCConfigurationList section */
		FEE045C028787C8900EE79D2 /* Build configuration list for PBXProject "SwiftMVC-TDD" */ = {
			isa = XCConfigurationList;
			buildConfigurations = (
				FEE045ED28787C8B00EE79D2 /* Debug */,
				FEE045EE28787C8B00EE79D2 /* Release */,
			);
			defaultConfigurationIsVisible = 0;
			defaultConfigurationName = Release;
		};
		FEE045EF28787C8B00EE79D2 /* Build configuration list for PBXNativeTarget "SwiftMVC-TDD" */ = {
			isa = XCConfigurationList;
			buildConfigurations = (
				FEE045F028787C8B00EE79D2 /* Debug */,
				FEE045F128787C8B00EE79D2 /* Release */,
			);
			defaultConfigurationIsVisible = 0;
			defaultConfigurationName = Release;
		};
		FEE045F228787C8B00EE79D2 /* Build configuration list for PBXNativeTarget "SwiftMVC-TDDTests" */ = {
			isa = XCConfigurationList;
			buildConfigurations = (
				FEE045F328787C8B00EE79D2 /* Debug */,
				FEE045F428787C8B00EE79D2 /* Release */,
			);
			defaultConfigurationIsVisible = 0;
			defaultConfigurationName = Release;
		};
		FEE045F528787C8B00EE79D2 /* Build configuration list for PBXNativeTarget "SwiftMVC-TDDUITests" */ = {
			isa = XCConfigurationList;
			buildConfigurations = (
				FEE045F628787C8B00EE79D2 /* Debug */,
				FEE045F728787C8B00EE79D2 /* Release */,
			);
			defaultConfigurationIsVisible = 0;
			defaultConfigurationName = Release;
		};
/* End XCConfigurationList section */
	};
	rootObject = FEE045BD28787C8900EE79D2 /* Project object */;
}
